// !$*UTF8*$!
{
	archiveVersion = 1;
	classes = {
	};
	objectVersion = 51;
	objects = {

/* Begin PBXBuildFile section */
		831E392224C88E600043AA76 /* SearchCollectionViewCell.swift in Sources */ = {isa = PBXBuildFile; fileRef = 831E392124C88E600043AA76 /* SearchCollectionViewCell.swift */; };
		831E392424C9CBE00043AA76 /* DetailTableViewController.swift in Sources */ = {isa = PBXBuildFile; fileRef = 831E392324C9CBE00043AA76 /* DetailTableViewController.swift */; };
		831E392624C9CBFE0043AA76 /* DetailTableViewCell.swift in Sources */ = {isa = PBXBuildFile; fileRef = 831E392524C9CBFE0043AA76 /* DetailTableViewCell.swift */; };
		831E392C24CA46260043AA76 /* ProfileTableViewController.swift in Sources */ = {isa = PBXBuildFile; fileRef = 831E392B24CA46260043AA76 /* ProfileTableViewController.swift */; };
		8348B5DB24D1D51C0000A187 /* SelectGenderTableViewController.swift in Sources */ = {isa = PBXBuildFile; fileRef = 8348B5DA24D1D51C0000A187 /* SelectGenderTableViewController.swift */; };
		8348B5DD24D2227C0000A187 /* EnterResidenceMeetViewController.swift in Sources */ = {isa = PBXBuildFile; fileRef = 8348B5DC24D2227C0000A187 /* EnterResidenceMeetViewController.swift */; };
		8348B5DF24D2A0B90000A187 /* PostTableViewController.swift in Sources */ = {isa = PBXBuildFile; fileRef = 8348B5DE24D2A0B90000A187 /* PostTableViewController.swift */; };
		8348B5E124D2A1560000A187 /* PostTableViewCell.swift in Sources */ = {isa = PBXBuildFile; fileRef = 8348B5E024D2A1560000A187 /* PostTableViewCell.swift */; };
		8348B5E324D2A4A20000A187 /* Post.swift in Sources */ = {isa = PBXBuildFile; fileRef = 8348B5E224D2A4A20000A187 /* Post.swift */; };
		8348B5E524D351D80000A187 /* SendPostTableViewController.swift in Sources */ = {isa = PBXBuildFile; fileRef = 8348B5E424D351D80000A187 /* SendPostTableViewController.swift */; };
		8348B5E724D35ADC0000A187 /* GenreTableViewController.swift in Sources */ = {isa = PBXBuildFile; fileRef = 8348B5E624D35ADC0000A187 /* GenreTableViewController.swift */; };
		8348B5E924D38C0F0000A187 /* MyPageTableViewController.swift in Sources */ = {isa = PBXBuildFile; fileRef = 8348B5E824D38C0F0000A187 /* MyPageTableViewController.swift */; };
		8348B5EB24D38D780000A187 /* MyPageTableViewCell.swift in Sources */ = {isa = PBXBuildFile; fileRef = 8348B5EA24D38D780000A187 /* MyPageTableViewCell.swift */; };
		8348B5EF24D3EC020000A187 /* SelectColorTableViewController.swift in Sources */ = {isa = PBXBuildFile; fileRef = 8348B5EE24D3EC020000A187 /* SelectColorTableViewController.swift */; };
		8348E3CD24CD0148001D59C0 /* AuthService.swift in Sources */ = {isa = PBXBuildFile; fileRef = 8348E3CC24CD0148001D59C0 /* AuthService.swift */; };
		8348E3CF24CD3694001D59C0 /* PIckerKeyboard1.swift in Sources */ = {isa = PBXBuildFile; fileRef = 8348E3CE24CD3694001D59C0 /* PIckerKeyboard1.swift */; };
		8348E3D124CD3ED4001D59C0 /* PickerKeyboard2.swift in Sources */ = {isa = PBXBuildFile; fileRef = 8348E3D024CD3ED4001D59C0 /* PickerKeyboard2.swift */; };
		8348E3D324CD3F4A001D59C0 /* PickerKeyboard3.swift in Sources */ = {isa = PBXBuildFile; fileRef = 8348E3D224CD3F4A001D59C0 /* PickerKeyboard3.swift */; };
		8348E3D524CD3FD3001D59C0 /* PickerKeyboard4.swift in Sources */ = {isa = PBXBuildFile; fileRef = 8348E3D424CD3FD3001D59C0 /* PickerKeyboard4.swift */; };
		8348E3D724CD658B001D59C0 /* DataArray.swift in Sources */ = {isa = PBXBuildFile; fileRef = 8348E3D624CD658B001D59C0 /* DataArray.swift */; };
		8348E3DD24CDD378001D59C0 /* type.json in Resources */ = {isa = PBXBuildFile; fileRef = 8348E3DC24CDD378001D59C0 /* type.json */; };
		8348E3E124CDD48E001D59C0 /* like.json in Resources */ = {isa = PBXBuildFile; fileRef = 8348E3E024CDD48E001D59C0 /* like.json */; };
		8348E3E524CE0B6E001D59C0 /* DidLikeTableViewController.swift in Sources */ = {isa = PBXBuildFile; fileRef = 8348E3E424CE0B6E001D59C0 /* DidLikeTableViewController.swift */; };
		8348E3E724CE0BC4001D59C0 /* DidLikeTableViewCell.swift in Sources */ = {isa = PBXBuildFile; fileRef = 8348E3E624CE0BC4001D59C0 /* DidLikeTableViewCell.swift */; };
		8348E3E924CE0E3A001D59C0 /* Like.swift in Sources */ = {isa = PBXBuildFile; fileRef = 8348E3E824CE0E3A001D59C0 /* Like.swift */; };
		8348E3EB24CE283C001D59C0 /* Type.swift in Sources */ = {isa = PBXBuildFile; fileRef = 8348E3EA24CE283C001D59C0 /* Type.swift */; };
		8348E3ED24CE2B3B001D59C0 /* DidTypeTableViewController.swift in Sources */ = {isa = PBXBuildFile; fileRef = 8348E3EC24CE2B3B001D59C0 /* DidTypeTableViewController.swift */; };
		8348E3F724D0E123001D59C0 /* FootstepViewController.swift in Sources */ = {isa = PBXBuildFile; fileRef = 8348E3F624D0E123001D59C0 /* FootstepViewController.swift */; };
		8348E3F924D0EC09001D59C0 /* MyTabBarController.swift in Sources */ = {isa = PBXBuildFile; fileRef = 8348E3F824D0EC09001D59C0 /* MyTabBarController.swift */; };
		8348E3FD24D10F90001D59C0 /* Footstep.swift in Sources */ = {isa = PBXBuildFile; fileRef = 8348E3FC24D10F90001D59C0 /* Footstep.swift */; };
		8348E3FF24D1154D001D59C0 /* SettingTableViewController.swift in Sources */ = {isa = PBXBuildFile; fileRef = 8348E3FE24D1154D001D59C0 /* SettingTableViewController.swift */; };
		8348E76924E7CCEC0046C6DE /* TermsTableViewController.swift in Sources */ = {isa = PBXBuildFile; fileRef = 8348E76824E7CCEC0046C6DE /* TermsTableViewController.swift */; };
		8348E76B24E7CD5D0046C6DE /* TermsTableViewCell.swift in Sources */ = {isa = PBXBuildFile; fileRef = 8348E76A24E7CD5D0046C6DE /* TermsTableViewCell.swift */; };
		8348E76D24E83BA20046C6DE /* PrivacyPolicyTableViewController.swift in Sources */ = {isa = PBXBuildFile; fileRef = 8348E76C24E83BA10046C6DE /* PrivacyPolicyTableViewController.swift */; };
		8348E76F24E83D110046C6DE /* PrivacyPolicyTableViewCell.swift in Sources */ = {isa = PBXBuildFile; fileRef = 8348E76E24E83D110046C6DE /* PrivacyPolicyTableViewCell.swift */; };
		8348FFBB24CAFFEC00C37009 /* EditTableViewController.swift in Sources */ = {isa = PBXBuildFile; fileRef = 8348FFBA24CAFFEC00C37009 /* EditTableViewController.swift */; };
		834912F224C70B7C002990F8 /* EnterGenderViewController.swift in Sources */ = {isa = PBXBuildFile; fileRef = 834912F124C70B7C002990F8 /* EnterGenderViewController.swift */; };
		834912F424C711CA002990F8 /* EnterProfileImageViewController.swift in Sources */ = {isa = PBXBuildFile; fileRef = 834912F324C711CA002990F8 /* EnterProfileImageViewController.swift */; };
		834912F624C7283D002990F8 /* Service.swift in Sources */ = {isa = PBXBuildFile; fileRef = 834912F524C7283D002990F8 /* Service.swift */; };
		834912F824C74254002990F8 /* EnterProfessionViewController.swift in Sources */ = {isa = PBXBuildFile; fileRef = 834912F724C74254002990F8 /* EnterProfessionViewController.swift */; };
		834912FA24C74A2D002990F8 /* EnterResidenceViewController.swift in Sources */ = {isa = PBXBuildFile; fileRef = 834912F924C74A2D002990F8 /* EnterResidenceViewController.swift */; };
		834912FC24C75830002990F8 /* StartViewController.swift in Sources */ = {isa = PBXBuildFile; fileRef = 834912FB24C75830002990F8 /* StartViewController.swift */; };
		834912FE24C75B90002990F8 /* SearchViewController.swift in Sources */ = {isa = PBXBuildFile; fileRef = 834912FD24C75B90002990F8 /* SearchViewController.swift */; };
		834966BD24DBC7E900C9B7DD /* MatchCollectionViewCell.swift in Sources */ = {isa = PBXBuildFile; fileRef = 834966BC24DBC7E900C9B7DD /* MatchCollectionViewCell.swift */; };
		834966C024DC0B9600C9B7DD /* Match.swift in Sources */ = {isa = PBXBuildFile; fileRef = 834966BF24DC0B9600C9B7DD /* Match.swift */; };
		834966C424DC25E200C9B7DD /* InboxTableViewController.swift in Sources */ = {isa = PBXBuildFile; fileRef = 834966C324DC25E200C9B7DD /* InboxTableViewController.swift */; };
		834966C624DCF4CD00C9B7DD /* CommentTableViewController.swift in Sources */ = {isa = PBXBuildFile; fileRef = 834966C524DCF4CD00C9B7DD /* CommentTableViewController.swift */; };
		834966C824DCF4DF00C9B7DD /* NicknameTableViewController.swift in Sources */ = {isa = PBXBuildFile; fileRef = 834966C724DCF4DF00C9B7DD /* NicknameTableViewController.swift */; };
		834966CA24DD098E00C9B7DD /* SelfIntroTableViewController.swift in Sources */ = {isa = PBXBuildFile; fileRef = 834966C924DD098E00C9B7DD /* SelfIntroTableViewController.swift */; };
		834966CC24DD172300C9B7DD /* DetailMapTableViewController.swift in Sources */ = {isa = PBXBuildFile; fileRef = 834966CB24DD172300C9B7DD /* DetailMapTableViewController.swift */; };
		834966CE24DE7E8700C9B7DD /* Read.swift in Sources */ = {isa = PBXBuildFile; fileRef = 834966CD24DE7E8600C9B7DD /* Read.swift */; };
		834966D024DEE07B00C9B7DD /* CardViewController.swift in Sources */ = {isa = PBXBuildFile; fileRef = 834966CF24DEE07B00C9B7DD /* CardViewController.swift */; };
		834966D224DEE10C00C9B7DD /* Card.xib in Resources */ = {isa = PBXBuildFile; fileRef = 834966D124DEE10C00C9B7DD /* Card.xib */; };
		834966D424DEE19C00C9B7DD /* Card.swift in Sources */ = {isa = PBXBuildFile; fileRef = 834966D324DEE19C00C9B7DD /* Card.swift */; };
		8349F12624E56E8700CC5951 /* WithdrawViewController.swift in Sources */ = {isa = PBXBuildFile; fileRef = 8349F12524E56E8700CC5951 /* WithdrawViewController.swift */; };
		834BD3EA24DAE1D80088D4EA /* AdsPostTableViewCell.swift in Sources */ = {isa = PBXBuildFile; fileRef = 834BD3E924DAE1D80088D4EA /* AdsPostTableViewCell.swift */; };
		834BD3EC24DAF0140088D4EA /* HobbyTableViewController.swift in Sources */ = {isa = PBXBuildFile; fileRef = 834BD3EB24DAF0140088D4EA /* HobbyTableViewController.swift */; };
		834C32D224E3AFCE003330B1 /* BlockListTableViewController.swift in Sources */ = {isa = PBXBuildFile; fileRef = 834C32D124E3AFCE003330B1 /* BlockListTableViewController.swift */; };
		834C32D424E3BD10003330B1 /* Block.swift in Sources */ = {isa = PBXBuildFile; fileRef = 834C32D324E3BD10003330B1 /* Block.swift */; };
		834C32D624E4535E003330B1 /* NotVerifiedViewController.swift in Sources */ = {isa = PBXBuildFile; fileRef = 834C32D524E4535E003330B1 /* NotVerifiedViewController.swift */; };
		835013FC24D40F79008D1170 /* InboxCollectionViewController.swift in Sources */ = {isa = PBXBuildFile; fileRef = 835013FB24D40F79008D1170 /* InboxCollectionViewController.swift */; };
		835013FE24D41458008D1170 /* MessageTebleViewController.swift in Sources */ = {isa = PBXBuildFile; fileRef = 835013FD24D41458008D1170 /* MessageTebleViewController.swift */; };
		8350140024D414C4008D1170 /* MessageTableViewCell.swift in Sources */ = {isa = PBXBuildFile; fileRef = 835013FF24D414C4008D1170 /* MessageTableViewCell.swift */; };
		8350140224D49E94008D1170 /* Message.swift in Sources */ = {isa = PBXBuildFile; fileRef = 8350140124D49E94008D1170 /* Message.swift */; };
		8350140424D4E3C3008D1170 /* MyUINavigationViewController.swift in Sources */ = {isa = PBXBuildFile; fileRef = 8350140324D4E3C3008D1170 /* MyUINavigationViewController.swift */; };
		8350E4AF24D9ADFB00487DB9 /* PIckerKeyboard5.swift in Sources */ = {isa = PBXBuildFile; fileRef = 8350E4AE24D9ADFB00487DB9 /* PIckerKeyboard5.swift */; };
		8350E4B124D9AE0C00487DB9 /* PIckerKeyboard6.swift in Sources */ = {isa = PBXBuildFile; fileRef = 8350E4B024D9AE0C00487DB9 /* PIckerKeyboard6.swift */; };
		8350E4B324D9AE1500487DB9 /* PIckerKeyboard7.swift in Sources */ = {isa = PBXBuildFile; fileRef = 8350E4B224D9AE1500487DB9 /* PIckerKeyboard7.swift */; };
		8350E4B524D9AE1E00487DB9 /* PIckerKeyboard8.swift in Sources */ = {isa = PBXBuildFile; fileRef = 8350E4B424D9AE1E00487DB9 /* PIckerKeyboard8.swift */; };
		8350E4B724D9AE2600487DB9 /* PIckerKeyboard9.swift in Sources */ = {isa = PBXBuildFile; fileRef = 8350E4B624D9AE2600487DB9 /* PIckerKeyboard9.swift */; };
		8350E4B924D9AE3000487DB9 /* PIckerKeyboard10.swift in Sources */ = {isa = PBXBuildFile; fileRef = 8350E4B824D9AE3000487DB9 /* PIckerKeyboard10.swift */; };
		8350E4BB24D9AE3800487DB9 /* PIckerKeyboard11.swift in Sources */ = {isa = PBXBuildFile; fileRef = 8350E4BA24D9AE3800487DB9 /* PIckerKeyboard11.swift */; };
		8350E4BD24D9AE6800487DB9 /* PIckerKeyboard12.swift in Sources */ = {isa = PBXBuildFile; fileRef = 8350E4BC24D9AE6800487DB9 /* PIckerKeyboard12.swift */; };
		8350E4BF24D9AE7000487DB9 /* PIckerKeyboard13.swift in Sources */ = {isa = PBXBuildFile; fileRef = 8350E4BE24D9AE7000487DB9 /* PIckerKeyboard13.swift */; };
		8350E4C124D9AE7B00487DB9 /* PIckerKeyboard14.swift in Sources */ = {isa = PBXBuildFile; fileRef = 8350E4C024D9AE7B00487DB9 /* PIckerKeyboard14.swift */; };
		8350E4C324D9AE8300487DB9 /* PIckerKeyboard15.swift in Sources */ = {isa = PBXBuildFile; fileRef = 8350E4C224D9AE8300487DB9 /* PIckerKeyboard15.swift */; };
		8354409F24D7DF09001C9398 /* Config.swift in Sources */ = {isa = PBXBuildFile; fileRef = 8354409E24D7DF09001C9398 /* Config.swift */; };
		83545E4D24E67F76003BA06D /* ChangeEmailViewController.swift in Sources */ = {isa = PBXBuildFile; fileRef = 83545E4C24E67F76003BA06D /* ChangeEmailViewController.swift */; };
		83545E4F24E67F8D003BA06D /* ChangePasswordViewController.swift in Sources */ = {isa = PBXBuildFile; fileRef = 83545E4E24E67F8D003BA06D /* ChangePasswordViewController.swift */; };
		8368CD8E24E16ACF009C0391 /* PickerKeyboard16.swift in Sources */ = {isa = PBXBuildFile; fileRef = 8368CD8D24E16ACF009C0391 /* PickerKeyboard16.swift */; };
		8368CD9024E16B49009C0391 /* ModalSearchTableViewController.swift in Sources */ = {isa = PBXBuildFile; fileRef = 8368CD8F24E16B49009C0391 /* ModalSearchTableViewController.swift */; };
		838071CA24C608F5008BAA2C /* AppDelegate.swift in Sources */ = {isa = PBXBuildFile; fileRef = 838071C924C608F5008BAA2C /* AppDelegate.swift */; };
		838071CC24C608F5008BAA2C /* SceneDelegate.swift in Sources */ = {isa = PBXBuildFile; fileRef = 838071CB24C608F5008BAA2C /* SceneDelegate.swift */; };
		838071D124C608F5008BAA2C /* Main.storyboard in Resources */ = {isa = PBXBuildFile; fileRef = 838071CF24C608F5008BAA2C /* Main.storyboard */; };
		838071D324C608FA008BAA2C /* Assets.xcassets in Resources */ = {isa = PBXBuildFile; fileRef = 838071D224C608FA008BAA2C /* Assets.xcassets */; };
		838071D624C608FA008BAA2C /* LaunchScreen.storyboard in Resources */ = {isa = PBXBuildFile; fileRef = 838071D424C608FA008BAA2C /* LaunchScreen.storyboard */; };
		838071DE24C60BA4008BAA2C /* GoogleService-Info.plist in Resources */ = {isa = PBXBuildFile; fileRef = 838071DD24C60BA4008BAA2C /* GoogleService-Info.plist */; };
		838071E024C613FA008BAA2C /* LoginViewController.swift in Sources */ = {isa = PBXBuildFile; fileRef = 838071DF24C613FA008BAA2C /* LoginViewController.swift */; };
		838071E524C61A6F008BAA2C /* SelectLoginViewController.swift in Sources */ = {isa = PBXBuildFile; fileRef = 838071E424C61A6F008BAA2C /* SelectLoginViewController.swift */; };
		838071E824C627E0008BAA2C /* User.swift in Sources */ = {isa = PBXBuildFile; fileRef = 838071E724C627E0008BAA2C /* User.swift */; };
		838071EA24C6299D008BAA2C /* Constants.swift in Sources */ = {isa = PBXBuildFile; fileRef = 838071E924C6299D008BAA2C /* Constants.swift */; };
		838071EC24C62F52008BAA2C /* RegisterViewController.swift in Sources */ = {isa = PBXBuildFile; fileRef = 838071EB24C62F52008BAA2C /* RegisterViewController.swift */; };
		838071EE24C6338E008BAA2C /* Extension.swift in Sources */ = {isa = PBXBuildFile; fileRef = 838071ED24C6338E008BAA2C /* Extension.swift */; };
		838071F024C64D16008BAA2C /* VerifiedViewController.swift in Sources */ = {isa = PBXBuildFile; fileRef = 838071EF24C64D16008BAA2C /* VerifiedViewController.swift */; };
		838071F224C66651008BAA2C /* ResetPasswordViewController.swift in Sources */ = {isa = PBXBuildFile; fileRef = 838071F124C66651008BAA2C /* ResetPasswordViewController.swift */; };
		838071F524C6E541008BAA2C /* EnterNameViewController.swift in Sources */ = {isa = PBXBuildFile; fileRef = 838071F424C6E541008BAA2C /* EnterNameViewController.swift */; };
		838071F724C6F2F6008BAA2C /* EnterAgeViewController.swift in Sources */ = {isa = PBXBuildFile; fileRef = 838071F624C6F2F6008BAA2C /* EnterAgeViewController.swift */; };
		83B6231524E238D900363548 /* ModalPostTableViewController.swift in Sources */ = {isa = PBXBuildFile; fileRef = 83B6231424E238D900363548 /* ModalPostTableViewController.swift */; };
		83B6231724E23B4E00363548 /* PickerKeyboard17.swift in Sources */ = {isa = PBXBuildFile; fileRef = 83B6231624E23B4E00363548 /* PickerKeyboard17.swift */; };
		83B6231924E2713E00363548 /* ReportTableViewController.swift in Sources */ = {isa = PBXBuildFile; fileRef = 83B6231824E2713E00363548 /* ReportTableViewController.swift */; };
		83B6231B24E2854400363548 /* WriteReportTableViewController.swift in Sources */ = {isa = PBXBuildFile; fileRef = 83B6231A24E2854400363548 /* WriteReportTableViewController.swift */; };
		83B6231D24E2B27E00363548 /* InquiryTableViewController.swift in Sources */ = {isa = PBXBuildFile; fileRef = 83B6231C24E2B27E00363548 /* InquiryTableViewController.swift */; };
		83B6231F24E2BA7800363548 /* InquryInputTableViewController.swift in Sources */ = {isa = PBXBuildFile; fileRef = 83B6231E24E2BA7800363548 /* InquryInputTableViewController.swift */; };
		83B6232124E2BA9100363548 /* OpinionInputTableViewController.swift in Sources */ = {isa = PBXBuildFile; fileRef = 83B6232024E2BA9100363548 /* OpinionInputTableViewController.swift */; };
		83B6232624E2E22900363548 /* BlockTableViewController.swift in Sources */ = {isa = PBXBuildFile; fileRef = 83B6232524E2E22900363548 /* BlockTableViewController.swift */; };
		BEA72603F135CFE06F286361 /* Pods_DatingApp.framework in Frameworks */ = {isa = PBXBuildFile; fileRef = 708D59BDDEE246A2102B7A29 /* Pods_DatingApp.framework */; };
/* End PBXBuildFile section */

/* Begin PBXFileReference section */
		20119206395B34005853DB9C /* Pods-DatingApp.debug.xcconfig */ = {isa = PBXFileReference; includeInIndex = 1; lastKnownFileType = text.xcconfig; name = "Pods-DatingApp.debug.xcconfig"; path = "Target Support Files/Pods-DatingApp/Pods-DatingApp.debug.xcconfig"; sourceTree = "<group>"; };
		708D59BDDEE246A2102B7A29 /* Pods_DatingApp.framework */ = {isa = PBXFileReference; explicitFileType = wrapper.framework; includeInIndex = 0; path = Pods_DatingApp.framework; sourceTree = BUILT_PRODUCTS_DIR; };
		831E392124C88E600043AA76 /* SearchCollectionViewCell.swift */ = {isa = PBXFileReference; lastKnownFileType = sourcecode.swift; path = SearchCollectionViewCell.swift; sourceTree = "<group>"; };
		831E392324C9CBE00043AA76 /* DetailTableViewController.swift */ = {isa = PBXFileReference; lastKnownFileType = sourcecode.swift; path = DetailTableViewController.swift; sourceTree = "<group>"; };
		831E392524C9CBFE0043AA76 /* DetailTableViewCell.swift */ = {isa = PBXFileReference; lastKnownFileType = sourcecode.swift; path = DetailTableViewCell.swift; sourceTree = "<group>"; };
		831E392B24CA46260043AA76 /* ProfileTableViewController.swift */ = {isa = PBXFileReference; lastKnownFileType = sourcecode.swift; path = ProfileTableViewController.swift; sourceTree = "<group>"; };
		8348B5DA24D1D51C0000A187 /* SelectGenderTableViewController.swift */ = {isa = PBXFileReference; lastKnownFileType = sourcecode.swift; path = SelectGenderTableViewController.swift; sourceTree = "<group>"; };
		8348B5DC24D2227C0000A187 /* EnterResidenceMeetViewController.swift */ = {isa = PBXFileReference; lastKnownFileType = sourcecode.swift; path = EnterResidenceMeetViewController.swift; sourceTree = "<group>"; };
		8348B5DE24D2A0B90000A187 /* PostTableViewController.swift */ = {isa = PBXFileReference; lastKnownFileType = sourcecode.swift; path = PostTableViewController.swift; sourceTree = "<group>"; };
		8348B5E024D2A1560000A187 /* PostTableViewCell.swift */ = {isa = PBXFileReference; lastKnownFileType = sourcecode.swift; path = PostTableViewCell.swift; sourceTree = "<group>"; };
		8348B5E224D2A4A20000A187 /* Post.swift */ = {isa = PBXFileReference; lastKnownFileType = sourcecode.swift; path = Post.swift; sourceTree = "<group>"; };
		8348B5E424D351D80000A187 /* SendPostTableViewController.swift */ = {isa = PBXFileReference; lastKnownFileType = sourcecode.swift; path = SendPostTableViewController.swift; sourceTree = "<group>"; };
		8348B5E624D35ADC0000A187 /* GenreTableViewController.swift */ = {isa = PBXFileReference; lastKnownFileType = sourcecode.swift; path = GenreTableViewController.swift; sourceTree = "<group>"; };
		8348B5E824D38C0F0000A187 /* MyPageTableViewController.swift */ = {isa = PBXFileReference; lastKnownFileType = sourcecode.swift; path = MyPageTableViewController.swift; sourceTree = "<group>"; };
		8348B5EA24D38D780000A187 /* MyPageTableViewCell.swift */ = {isa = PBXFileReference; lastKnownFileType = sourcecode.swift; path = MyPageTableViewCell.swift; sourceTree = "<group>"; };
		8348B5EE24D3EC020000A187 /* SelectColorTableViewController.swift */ = {isa = PBXFileReference; lastKnownFileType = sourcecode.swift; path = SelectColorTableViewController.swift; sourceTree = "<group>"; };
		8348E3CC24CD0148001D59C0 /* AuthService.swift */ = {isa = PBXFileReference; lastKnownFileType = sourcecode.swift; path = AuthService.swift; sourceTree = "<group>"; };
		8348E3CE24CD3694001D59C0 /* PIckerKeyboard1.swift */ = {isa = PBXFileReference; lastKnownFileType = sourcecode.swift; path = PIckerKeyboard1.swift; sourceTree = "<group>"; };
		8348E3D024CD3ED4001D59C0 /* PickerKeyboard2.swift */ = {isa = PBXFileReference; lastKnownFileType = sourcecode.swift; path = PickerKeyboard2.swift; sourceTree = "<group>"; };
		8348E3D224CD3F4A001D59C0 /* PickerKeyboard3.swift */ = {isa = PBXFileReference; lastKnownFileType = sourcecode.swift; path = PickerKeyboard3.swift; sourceTree = "<group>"; };
		8348E3D424CD3FD3001D59C0 /* PickerKeyboard4.swift */ = {isa = PBXFileReference; lastKnownFileType = sourcecode.swift; path = PickerKeyboard4.swift; sourceTree = "<group>"; };
		8348E3D624CD658B001D59C0 /* DataArray.swift */ = {isa = PBXFileReference; lastKnownFileType = sourcecode.swift; path = DataArray.swift; sourceTree = "<group>"; };
		8348E3DC24CDD378001D59C0 /* type.json */ = {isa = PBXFileReference; fileEncoding = 4; lastKnownFileType = text.json; path = type.json; sourceTree = "<group>"; };
		8348E3E024CDD48E001D59C0 /* like.json */ = {isa = PBXFileReference; fileEncoding = 4; lastKnownFileType = text.json; path = like.json; sourceTree = "<group>"; };
		8348E3E424CE0B6E001D59C0 /* DidLikeTableViewController.swift */ = {isa = PBXFileReference; lastKnownFileType = sourcecode.swift; path = DidLikeTableViewController.swift; sourceTree = "<group>"; };
		8348E3E624CE0BC4001D59C0 /* DidLikeTableViewCell.swift */ = {isa = PBXFileReference; lastKnownFileType = sourcecode.swift; path = DidLikeTableViewCell.swift; sourceTree = "<group>"; };
		8348E3E824CE0E3A001D59C0 /* Like.swift */ = {isa = PBXFileReference; lastKnownFileType = sourcecode.swift; path = Like.swift; sourceTree = "<group>"; };
		8348E3EA24CE283C001D59C0 /* Type.swift */ = {isa = PBXFileReference; lastKnownFileType = sourcecode.swift; path = Type.swift; sourceTree = "<group>"; };
		8348E3EC24CE2B3B001D59C0 /* DidTypeTableViewController.swift */ = {isa = PBXFileReference; lastKnownFileType = sourcecode.swift; path = DidTypeTableViewController.swift; sourceTree = "<group>"; };
		8348E3F624D0E123001D59C0 /* FootstepViewController.swift */ = {isa = PBXFileReference; lastKnownFileType = sourcecode.swift; path = FootstepViewController.swift; sourceTree = "<group>"; };
		8348E3F824D0EC09001D59C0 /* MyTabBarController.swift */ = {isa = PBXFileReference; lastKnownFileType = sourcecode.swift; path = MyTabBarController.swift; sourceTree = "<group>"; };
		8348E3FC24D10F90001D59C0 /* Footstep.swift */ = {isa = PBXFileReference; lastKnownFileType = sourcecode.swift; path = Footstep.swift; sourceTree = "<group>"; };
		8348E3FE24D1154D001D59C0 /* SettingTableViewController.swift */ = {isa = PBXFileReference; lastKnownFileType = sourcecode.swift; path = SettingTableViewController.swift; sourceTree = "<group>"; };
		8348E76824E7CCEC0046C6DE /* TermsTableViewController.swift */ = {isa = PBXFileReference; lastKnownFileType = sourcecode.swift; path = TermsTableViewController.swift; sourceTree = "<group>"; };
		8348E76A24E7CD5D0046C6DE /* TermsTableViewCell.swift */ = {isa = PBXFileReference; lastKnownFileType = sourcecode.swift; path = TermsTableViewCell.swift; sourceTree = "<group>"; };
		8348E76C24E83BA10046C6DE /* PrivacyPolicyTableViewController.swift */ = {isa = PBXFileReference; lastKnownFileType = sourcecode.swift; path = PrivacyPolicyTableViewController.swift; sourceTree = "<group>"; };
		8348E76E24E83D110046C6DE /* PrivacyPolicyTableViewCell.swift */ = {isa = PBXFileReference; lastKnownFileType = sourcecode.swift; path = PrivacyPolicyTableViewCell.swift; sourceTree = "<group>"; };
		8348FFBA24CAFFEC00C37009 /* EditTableViewController.swift */ = {isa = PBXFileReference; lastKnownFileType = sourcecode.swift; path = EditTableViewController.swift; sourceTree = "<group>"; };
		834912F124C70B7C002990F8 /* EnterGenderViewController.swift */ = {isa = PBXFileReference; lastKnownFileType = sourcecode.swift; path = EnterGenderViewController.swift; sourceTree = "<group>"; };
		834912F324C711CA002990F8 /* EnterProfileImageViewController.swift */ = {isa = PBXFileReference; lastKnownFileType = sourcecode.swift; path = EnterProfileImageViewController.swift; sourceTree = "<group>"; };
		834912F524C7283D002990F8 /* Service.swift */ = {isa = PBXFileReference; lastKnownFileType = sourcecode.swift; path = Service.swift; sourceTree = "<group>"; };
		834912F724C74254002990F8 /* EnterProfessionViewController.swift */ = {isa = PBXFileReference; lastKnownFileType = sourcecode.swift; path = EnterProfessionViewController.swift; sourceTree = "<group>"; };
		834912F924C74A2D002990F8 /* EnterResidenceViewController.swift */ = {isa = PBXFileReference; lastKnownFileType = sourcecode.swift; path = EnterResidenceViewController.swift; sourceTree = "<group>"; };
		834912FB24C75830002990F8 /* StartViewController.swift */ = {isa = PBXFileReference; lastKnownFileType = sourcecode.swift; path = StartViewController.swift; sourceTree = "<group>"; };
		834912FD24C75B90002990F8 /* SearchViewController.swift */ = {isa = PBXFileReference; lastKnownFileType = sourcecode.swift; path = SearchViewController.swift; sourceTree = "<group>"; };
		834966BC24DBC7E900C9B7DD /* MatchCollectionViewCell.swift */ = {isa = PBXFileReference; lastKnownFileType = sourcecode.swift; path = MatchCollectionViewCell.swift; sourceTree = "<group>"; };
		834966BF24DC0B9600C9B7DD /* Match.swift */ = {isa = PBXFileReference; lastKnownFileType = sourcecode.swift; path = Match.swift; sourceTree = "<group>"; };
		834966C324DC25E200C9B7DD /* InboxTableViewController.swift */ = {isa = PBXFileReference; lastKnownFileType = sourcecode.swift; path = InboxTableViewController.swift; sourceTree = "<group>"; };
		834966C524DCF4CD00C9B7DD /* CommentTableViewController.swift */ = {isa = PBXFileReference; lastKnownFileType = sourcecode.swift; path = CommentTableViewController.swift; sourceTree = "<group>"; };
		834966C724DCF4DF00C9B7DD /* NicknameTableViewController.swift */ = {isa = PBXFileReference; lastKnownFileType = sourcecode.swift; path = NicknameTableViewController.swift; sourceTree = "<group>"; };
		834966C924DD098E00C9B7DD /* SelfIntroTableViewController.swift */ = {isa = PBXFileReference; lastKnownFileType = sourcecode.swift; path = SelfIntroTableViewController.swift; sourceTree = "<group>"; };
		834966CB24DD172300C9B7DD /* DetailMapTableViewController.swift */ = {isa = PBXFileReference; lastKnownFileType = sourcecode.swift; path = DetailMapTableViewController.swift; sourceTree = "<group>"; };
		834966CD24DE7E8600C9B7DD /* Read.swift */ = {isa = PBXFileReference; lastKnownFileType = sourcecode.swift; path = Read.swift; sourceTree = "<group>"; };
		834966CF24DEE07B00C9B7DD /* CardViewController.swift */ = {isa = PBXFileReference; lastKnownFileType = sourcecode.swift; path = CardViewController.swift; sourceTree = "<group>"; };
		834966D124DEE10C00C9B7DD /* Card.xib */ = {isa = PBXFileReference; lastKnownFileType = file.xib; path = Card.xib; sourceTree = "<group>"; };
		834966D324DEE19C00C9B7DD /* Card.swift */ = {isa = PBXFileReference; lastKnownFileType = sourcecode.swift; path = Card.swift; sourceTree = "<group>"; };
		8349F12524E56E8700CC5951 /* WithdrawViewController.swift */ = {isa = PBXFileReference; lastKnownFileType = sourcecode.swift; path = WithdrawViewController.swift; sourceTree = "<group>"; };
		834BD3E924DAE1D80088D4EA /* AdsPostTableViewCell.swift */ = {isa = PBXFileReference; lastKnownFileType = sourcecode.swift; path = AdsPostTableViewCell.swift; sourceTree = "<group>"; };
		834BD3EB24DAF0140088D4EA /* HobbyTableViewController.swift */ = {isa = PBXFileReference; lastKnownFileType = sourcecode.swift; path = HobbyTableViewController.swift; sourceTree = "<group>"; };
		834C32D124E3AFCE003330B1 /* BlockListTableViewController.swift */ = {isa = PBXFileReference; lastKnownFileType = sourcecode.swift; path = BlockListTableViewController.swift; sourceTree = "<group>"; };
		834C32D324E3BD10003330B1 /* Block.swift */ = {isa = PBXFileReference; lastKnownFileType = sourcecode.swift; path = Block.swift; sourceTree = "<group>"; };
		834C32D524E4535E003330B1 /* NotVerifiedViewController.swift */ = {isa = PBXFileReference; lastKnownFileType = sourcecode.swift; path = NotVerifiedViewController.swift; sourceTree = "<group>"; };
		835013FB24D40F79008D1170 /* InboxCollectionViewController.swift */ = {isa = PBXFileReference; lastKnownFileType = sourcecode.swift; path = InboxCollectionViewController.swift; sourceTree = "<group>"; };
		835013FD24D41458008D1170 /* MessageTebleViewController.swift */ = {isa = PBXFileReference; lastKnownFileType = sourcecode.swift; path = MessageTebleViewController.swift; sourceTree = "<group>"; };
		835013FF24D414C4008D1170 /* MessageTableViewCell.swift */ = {isa = PBXFileReference; lastKnownFileType = sourcecode.swift; path = MessageTableViewCell.swift; sourceTree = "<group>"; };
		8350140124D49E94008D1170 /* Message.swift */ = {isa = PBXFileReference; lastKnownFileType = sourcecode.swift; path = Message.swift; sourceTree = "<group>"; };
		8350140324D4E3C3008D1170 /* MyUINavigationViewController.swift */ = {isa = PBXFileReference; lastKnownFileType = sourcecode.swift; path = MyUINavigationViewController.swift; sourceTree = "<group>"; };
		8350E4AE24D9ADFB00487DB9 /* PIckerKeyboard5.swift */ = {isa = PBXFileReference; lastKnownFileType = sourcecode.swift; path = PIckerKeyboard5.swift; sourceTree = "<group>"; };
		8350E4B024D9AE0C00487DB9 /* PIckerKeyboard6.swift */ = {isa = PBXFileReference; lastKnownFileType = sourcecode.swift; path = PIckerKeyboard6.swift; sourceTree = "<group>"; };
		8350E4B224D9AE1500487DB9 /* PIckerKeyboard7.swift */ = {isa = PBXFileReference; lastKnownFileType = sourcecode.swift; path = PIckerKeyboard7.swift; sourceTree = "<group>"; };
		8350E4B424D9AE1E00487DB9 /* PIckerKeyboard8.swift */ = {isa = PBXFileReference; lastKnownFileType = sourcecode.swift; path = PIckerKeyboard8.swift; sourceTree = "<group>"; };
		8350E4B624D9AE2600487DB9 /* PIckerKeyboard9.swift */ = {isa = PBXFileReference; lastKnownFileType = sourcecode.swift; path = PIckerKeyboard9.swift; sourceTree = "<group>"; };
		8350E4B824D9AE3000487DB9 /* PIckerKeyboard10.swift */ = {isa = PBXFileReference; lastKnownFileType = sourcecode.swift; path = PIckerKeyboard10.swift; sourceTree = "<group>"; };
		8350E4BA24D9AE3800487DB9 /* PIckerKeyboard11.swift */ = {isa = PBXFileReference; lastKnownFileType = sourcecode.swift; path = PIckerKeyboard11.swift; sourceTree = "<group>"; };
		8350E4BC24D9AE6800487DB9 /* PIckerKeyboard12.swift */ = {isa = PBXFileReference; lastKnownFileType = sourcecode.swift; path = PIckerKeyboard12.swift; sourceTree = "<group>"; };
		8350E4BE24D9AE7000487DB9 /* PIckerKeyboard13.swift */ = {isa = PBXFileReference; lastKnownFileType = sourcecode.swift; path = PIckerKeyboard13.swift; sourceTree = "<group>"; };
		8350E4C024D9AE7B00487DB9 /* PIckerKeyboard14.swift */ = {isa = PBXFileReference; lastKnownFileType = sourcecode.swift; path = PIckerKeyboard14.swift; sourceTree = "<group>"; };
		8350E4C224D9AE8300487DB9 /* PIckerKeyboard15.swift */ = {isa = PBXFileReference; lastKnownFileType = sourcecode.swift; path = PIckerKeyboard15.swift; sourceTree = "<group>"; };
		8354409D24D7DC8E001C9398 /* DatingApp.entitlements */ = {isa = PBXFileReference; lastKnownFileType = text.plist.entitlements; path = DatingApp.entitlements; sourceTree = "<group>"; };
		8354409E24D7DF09001C9398 /* Config.swift */ = {isa = PBXFileReference; lastKnownFileType = sourcecode.swift; path = Config.swift; sourceTree = "<group>"; };
		83545E4C24E67F76003BA06D /* ChangeEmailViewController.swift */ = {isa = PBXFileReference; lastKnownFileType = sourcecode.swift; path = ChangeEmailViewController.swift; sourceTree = "<group>"; };
		83545E4E24E67F8D003BA06D /* ChangePasswordViewController.swift */ = {isa = PBXFileReference; lastKnownFileType = sourcecode.swift; path = ChangePasswordViewController.swift; sourceTree = "<group>"; };
		8368CD8D24E16ACF009C0391 /* PickerKeyboard16.swift */ = {isa = PBXFileReference; lastKnownFileType = sourcecode.swift; path = PickerKeyboard16.swift; sourceTree = "<group>"; };
		8368CD8F24E16B49009C0391 /* ModalSearchTableViewController.swift */ = {isa = PBXFileReference; lastKnownFileType = sourcecode.swift; path = ModalSearchTableViewController.swift; sourceTree = "<group>"; };
		838071C624C608F5008BAA2C /* DatingApp.app */ = {isa = PBXFileReference; explicitFileType = wrapper.application; includeInIndex = 0; path = DatingApp.app; sourceTree = BUILT_PRODUCTS_DIR; };
		838071C924C608F5008BAA2C /* AppDelegate.swift */ = {isa = PBXFileReference; lastKnownFileType = sourcecode.swift; path = AppDelegate.swift; sourceTree = "<group>"; };
		838071CB24C608F5008BAA2C /* SceneDelegate.swift */ = {isa = PBXFileReference; lastKnownFileType = sourcecode.swift; path = SceneDelegate.swift; sourceTree = "<group>"; };
		838071D024C608F5008BAA2C /* Base */ = {isa = PBXFileReference; lastKnownFileType = file.storyboard; name = Base; path = Base.lproj/Main.storyboard; sourceTree = "<group>"; };
		838071D224C608FA008BAA2C /* Assets.xcassets */ = {isa = PBXFileReference; lastKnownFileType = folder.assetcatalog; path = Assets.xcassets; sourceTree = "<group>"; };
		838071D524C608FA008BAA2C /* Base */ = {isa = PBXFileReference; lastKnownFileType = file.storyboard; name = Base; path = Base.lproj/LaunchScreen.storyboard; sourceTree = "<group>"; };
		838071D724C608FA008BAA2C /* Info.plist */ = {isa = PBXFileReference; lastKnownFileType = text.plist.xml; path = Info.plist; sourceTree = "<group>"; };
		838071DD24C60BA4008BAA2C /* GoogleService-Info.plist */ = {isa = PBXFileReference; fileEncoding = 4; lastKnownFileType = text.plist.xml; path = "GoogleService-Info.plist"; sourceTree = "<group>"; };
		838071DF24C613FA008BAA2C /* LoginViewController.swift */ = {isa = PBXFileReference; lastKnownFileType = sourcecode.swift; path = LoginViewController.swift; sourceTree = "<group>"; };
		838071E424C61A6F008BAA2C /* SelectLoginViewController.swift */ = {isa = PBXFileReference; lastKnownFileType = sourcecode.swift; path = SelectLoginViewController.swift; sourceTree = "<group>"; };
		838071E724C627E0008BAA2C /* User.swift */ = {isa = PBXFileReference; lastKnownFileType = sourcecode.swift; path = User.swift; sourceTree = "<group>"; };
		838071E924C6299D008BAA2C /* Constants.swift */ = {isa = PBXFileReference; lastKnownFileType = sourcecode.swift; path = Constants.swift; sourceTree = "<group>"; };
		838071EB24C62F52008BAA2C /* RegisterViewController.swift */ = {isa = PBXFileReference; lastKnownFileType = sourcecode.swift; path = RegisterViewController.swift; sourceTree = "<group>"; };
		838071ED24C6338E008BAA2C /* Extension.swift */ = {isa = PBXFileReference; lastKnownFileType = sourcecode.swift; path = Extension.swift; sourceTree = "<group>"; };
		838071EF24C64D16008BAA2C /* VerifiedViewController.swift */ = {isa = PBXFileReference; lastKnownFileType = sourcecode.swift; path = VerifiedViewController.swift; sourceTree = "<group>"; };
		838071F124C66651008BAA2C /* ResetPasswordViewController.swift */ = {isa = PBXFileReference; lastKnownFileType = sourcecode.swift; path = ResetPasswordViewController.swift; sourceTree = "<group>"; };
		838071F424C6E541008BAA2C /* EnterNameViewController.swift */ = {isa = PBXFileReference; lastKnownFileType = sourcecode.swift; path = EnterNameViewController.swift; sourceTree = "<group>"; };
		838071F624C6F2F6008BAA2C /* EnterAgeViewController.swift */ = {isa = PBXFileReference; lastKnownFileType = sourcecode.swift; path = EnterAgeViewController.swift; sourceTree = "<group>"; };
		83B6231424E238D900363548 /* ModalPostTableViewController.swift */ = {isa = PBXFileReference; lastKnownFileType = sourcecode.swift; path = ModalPostTableViewController.swift; sourceTree = "<group>"; };
		83B6231624E23B4E00363548 /* PickerKeyboard17.swift */ = {isa = PBXFileReference; lastKnownFileType = sourcecode.swift; path = PickerKeyboard17.swift; sourceTree = "<group>"; };
		83B6231824E2713E00363548 /* ReportTableViewController.swift */ = {isa = PBXFileReference; lastKnownFileType = sourcecode.swift; path = ReportTableViewController.swift; sourceTree = "<group>"; };
		83B6231A24E2854400363548 /* WriteReportTableViewController.swift */ = {isa = PBXFileReference; lastKnownFileType = sourcecode.swift; path = WriteReportTableViewController.swift; sourceTree = "<group>"; };
		83B6231C24E2B27E00363548 /* InquiryTableViewController.swift */ = {isa = PBXFileReference; lastKnownFileType = sourcecode.swift; path = InquiryTableViewController.swift; sourceTree = "<group>"; };
		83B6231E24E2BA7800363548 /* InquryInputTableViewController.swift */ = {isa = PBXFileReference; lastKnownFileType = sourcecode.swift; path = InquryInputTableViewController.swift; sourceTree = "<group>"; };
		83B6232024E2BA9100363548 /* OpinionInputTableViewController.swift */ = {isa = PBXFileReference; lastKnownFileType = sourcecode.swift; path = OpinionInputTableViewController.swift; sourceTree = "<group>"; };
		83B6232524E2E22900363548 /* BlockTableViewController.swift */ = {isa = PBXFileReference; lastKnownFileType = sourcecode.swift; path = BlockTableViewController.swift; sourceTree = "<group>"; };
		A8E80E13719AC776BE4305A8 /* Pods-DatingApp.release.xcconfig */ = {isa = PBXFileReference; includeInIndex = 1; lastKnownFileType = text.xcconfig; name = "Pods-DatingApp.release.xcconfig"; path = "Target Support Files/Pods-DatingApp/Pods-DatingApp.release.xcconfig"; sourceTree = "<group>"; };
/* End PBXFileReference section */

/* Begin PBXFrameworksBuildPhase section */
		838071C324C608F5008BAA2C /* Frameworks */ = {
			isa = PBXFrameworksBuildPhase;
			buildActionMask = 2147483647;
			files = (
				BEA72603F135CFE06F286361 /* Pods_DatingApp.framework in Frameworks */,
			);
			runOnlyForDeploymentPostprocessing = 0;
		};
/* End PBXFrameworksBuildPhase section */

/* Begin PBXGroup section */
		192A468B98B0E43A9264BED4 /* Frameworks */ = {
			isa = PBXGroup;
			children = (
				708D59BDDEE246A2102B7A29 /* Pods_DatingApp.framework */,
			);
			name = Frameworks;
			sourceTree = "<group>";
		};
		834966BE24DBC81400C9B7DD /* PickerKeyboard */ = {
			isa = PBXGroup;
			children = (
				8348E3CE24CD3694001D59C0 /* PIckerKeyboard1.swift */,
				8348E3D024CD3ED4001D59C0 /* PickerKeyboard2.swift */,
				8348E3D224CD3F4A001D59C0 /* PickerKeyboard3.swift */,
				8348E3D424CD3FD3001D59C0 /* PickerKeyboard4.swift */,
				8350E4AE24D9ADFB00487DB9 /* PIckerKeyboard5.swift */,
				8350E4B024D9AE0C00487DB9 /* PIckerKeyboard6.swift */,
				8350E4B224D9AE1500487DB9 /* PIckerKeyboard7.swift */,
				8350E4B424D9AE1E00487DB9 /* PIckerKeyboard8.swift */,
				8350E4B624D9AE2600487DB9 /* PIckerKeyboard9.swift */,
				8350E4B824D9AE3000487DB9 /* PIckerKeyboard10.swift */,
				8350E4BA24D9AE3800487DB9 /* PIckerKeyboard11.swift */,
				8350E4BC24D9AE6800487DB9 /* PIckerKeyboard12.swift */,
				8350E4BE24D9AE7000487DB9 /* PIckerKeyboard13.swift */,
				8350E4C024D9AE7B00487DB9 /* PIckerKeyboard14.swift */,
				8350E4C224D9AE8300487DB9 /* PIckerKeyboard15.swift */,
				8368CD8D24E16ACF009C0391 /* PickerKeyboard16.swift */,
				83B6231624E23B4E00363548 /* PickerKeyboard17.swift */,
			);
			path = PickerKeyboard;
			sourceTree = "<group>";
		};
		8350140724D55D88008D1170 /* MyPage */ = {
			isa = PBXGroup;
			children = (
				8348B5E824D38C0F0000A187 /* MyPageTableViewController.swift */,
				8348E3E424CE0B6E001D59C0 /* DidLikeTableViewController.swift */,
				8348E3EC24CE2B3B001D59C0 /* DidTypeTableViewController.swift */,
				8348E3F624D0E123001D59C0 /* FootstepViewController.swift */,
				831E392B24CA46260043AA76 /* ProfileTableViewController.swift */,
				8348FFBA24CAFFEC00C37009 /* EditTableViewController.swift */,
				8348E3FE24D1154D001D59C0 /* SettingTableViewController.swift */,
				8348B5DA24D1D51C0000A187 /* SelectGenderTableViewController.swift */,
				8348B5EE24D3EC020000A187 /* SelectColorTableViewController.swift */,
				834BD3EB24DAF0140088D4EA /* HobbyTableViewController.swift */,
				834966C524DCF4CD00C9B7DD /* CommentTableViewController.swift */,
				834966C724DCF4DF00C9B7DD /* NicknameTableViewController.swift */,
				834966C924DD098E00C9B7DD /* SelfIntroTableViewController.swift */,
				834966CB24DD172300C9B7DD /* DetailMapTableViewController.swift */,
				83B6231C24E2B27E00363548 /* InquiryTableViewController.swift */,
				83B6231E24E2BA7800363548 /* InquryInputTableViewController.swift */,
				83B6232024E2BA9100363548 /* OpinionInputTableViewController.swift */,
				834C32D124E3AFCE003330B1 /* BlockListTableViewController.swift */,
				8348E76824E7CCEC0046C6DE /* TermsTableViewController.swift */,
				8348E76C24E83BA10046C6DE /* PrivacyPolicyTableViewController.swift */,
			);
			path = MyPage;
			sourceTree = "<group>";
		};
		8350140824D55DF6008D1170 /* Post */ = {
			isa = PBXGroup;
			children = (
				8348B5DE24D2A0B90000A187 /* PostTableViewController.swift */,
				8348B5E424D351D80000A187 /* SendPostTableViewController.swift */,
				8348B5E624D35ADC0000A187 /* GenreTableViewController.swift */,
				83B6231424E238D900363548 /* ModalPostTableViewController.swift */,
			);
			path = Post;
			sourceTree = "<group>";
		};
		838071BD24C608F5008BAA2C = {
			isa = PBXGroup;
			children = (
				838071C824C608F5008BAA2C /* DatingApp */,
				838071C724C608F5008BAA2C /* Products */,
				F0A321C1752DD509E2A96CD9 /* Pods */,
				192A468B98B0E43A9264BED4 /* Frameworks */,
			);
			sourceTree = "<group>";
		};
		838071C724C608F5008BAA2C /* Products */ = {
			isa = PBXGroup;
			children = (
				838071C624C608F5008BAA2C /* DatingApp.app */,
			);
			name = Products;
			sourceTree = "<group>";
		};
		838071C824C608F5008BAA2C /* DatingApp */ = {
			isa = PBXGroup;
			children = (
				8354409D24D7DC8E001C9398 /* DatingApp.entitlements */,
				838071E224C61417008BAA2C /* Model */,
				838071E324C6141C008BAA2C /* View */,
				838071E124C61404008BAA2C /* Controller */,
				838071E624C627C4008BAA2C /* API */,
				838071CF24C608F5008BAA2C /* Main.storyboard */,
				838071C924C608F5008BAA2C /* AppDelegate.swift */,
				838071CB24C608F5008BAA2C /* SceneDelegate.swift */,
				838071E924C6299D008BAA2C /* Constants.swift */,
				838071ED24C6338E008BAA2C /* Extension.swift */,
				8348E3D624CD658B001D59C0 /* DataArray.swift */,
				838071D224C608FA008BAA2C /* Assets.xcassets */,
				8348E3E024CDD48E001D59C0 /* like.json */,
				8348E3DC24CDD378001D59C0 /* type.json */,
				838071D424C608FA008BAA2C /* LaunchScreen.storyboard */,
				838071D724C608FA008BAA2C /* Info.plist */,
				838071DD24C60BA4008BAA2C /* GoogleService-Info.plist */,
			);
			path = DatingApp;
			sourceTree = "<group>";
		};
		838071E124C61404008BAA2C /* Controller */ = {
			isa = PBXGroup;
			children = (
				838071F324C66BAC008BAA2C /* Aurthentication */,
				8368CD8F24E16B49009C0391 /* ModalSearchTableViewController.swift */,
				8348E3F824D0EC09001D59C0 /* MyTabBarController.swift */,
				8350140324D4E3C3008D1170 /* MyUINavigationViewController.swift */,
				834912FD24C75B90002990F8 /* SearchViewController.swift */,
				834966CF24DEE07B00C9B7DD /* CardViewController.swift */,
				83B6232324E2E19700363548 /* Detail */,
				8350140724D55D88008D1170 /* MyPage */,
				8350140824D55DF6008D1170 /* Post */,
				83B6232424E2E1DF00363548 /* Message */,
			);
			path = Controller;
			sourceTree = "<group>";
		};
		838071E224C61417008BAA2C /* Model */ = {
			isa = PBXGroup;
			children = (
				838071E724C627E0008BAA2C /* User.swift */,
				8348E3E824CE0E3A001D59C0 /* Like.swift */,
				8348E3EA24CE283C001D59C0 /* Type.swift */,
				8348E3FC24D10F90001D59C0 /* Footstep.swift */,
				8348B5E224D2A4A20000A187 /* Post.swift */,
				8350140124D49E94008D1170 /* Message.swift */,
				834966BF24DC0B9600C9B7DD /* Match.swift */,
				834966CD24DE7E8600C9B7DD /* Read.swift */,
				834C32D324E3BD10003330B1 /* Block.swift */,
			);
			path = Model;
			sourceTree = "<group>";
		};
		838071E324C6141C008BAA2C /* View */ = {
			isa = PBXGroup;
			children = (
				834966BE24DBC81400C9B7DD /* PickerKeyboard */,
				831E392124C88E600043AA76 /* SearchCollectionViewCell.swift */,
				831E392524C9CBFE0043AA76 /* DetailTableViewCell.swift */,
				8348B5EA24D38D780000A187 /* MyPageTableViewCell.swift */,
				8348E3E624CE0BC4001D59C0 /* DidLikeTableViewCell.swift */,
				8348B5E024D2A1560000A187 /* PostTableViewCell.swift */,
				835013FF24D414C4008D1170 /* MessageTableViewCell.swift */,
				834BD3E924DAE1D80088D4EA /* AdsPostTableViewCell.swift */,
				834966BC24DBC7E900C9B7DD /* MatchCollectionViewCell.swift */,
				834966D124DEE10C00C9B7DD /* Card.xib */,
				834966D324DEE19C00C9B7DD /* Card.swift */,
				8348E76A24E7CD5D0046C6DE /* TermsTableViewCell.swift */,
				8348E76E24E83D110046C6DE /* PrivacyPolicyTableViewCell.swift */,
			);
			path = View;
			sourceTree = "<group>";
		};
		838071E624C627C4008BAA2C /* API */ = {
			isa = PBXGroup;
			children = (
				834912F524C7283D002990F8 /* Service.swift */,
				8348E3CC24CD0148001D59C0 /* AuthService.swift */,
				8354409E24D7DF09001C9398 /* Config.swift */,
			);
			path = API;
			sourceTree = "<group>";
		};
		838071F324C66BAC008BAA2C /* Aurthentication */ = {
			isa = PBXGroup;
			children = (
				834912FB24C75830002990F8 /* StartViewController.swift */,
				838071E424C61A6F008BAA2C /* SelectLoginViewController.swift */,
				838071DF24C613FA008BAA2C /* LoginViewController.swift */,
				838071EB24C62F52008BAA2C /* RegisterViewController.swift */,
				838071EF24C64D16008BAA2C /* VerifiedViewController.swift */,
				838071F124C66651008BAA2C /* ResetPasswordViewController.swift */,
				834C32D524E4535E003330B1 /* NotVerifiedViewController.swift */,
				838071F424C6E541008BAA2C /* EnterNameViewController.swift */,
				834912F324C711CA002990F8 /* EnterProfileImageViewController.swift */,
				834912F124C70B7C002990F8 /* EnterGenderViewController.swift */,
				838071F624C6F2F6008BAA2C /* EnterAgeViewController.swift */,
				834912F724C74254002990F8 /* EnterProfessionViewController.swift */,
				834912F924C74A2D002990F8 /* EnterResidenceViewController.swift */,
				8348B5DC24D2227C0000A187 /* EnterResidenceMeetViewController.swift */,
				8349F12524E56E8700CC5951 /* WithdrawViewController.swift */,
				83545E4C24E67F76003BA06D /* ChangeEmailViewController.swift */,
				83545E4E24E67F8D003BA06D /* ChangePasswordViewController.swift */,
			);
			path = Aurthentication;
			sourceTree = "<group>";
		};
		83B6232324E2E19700363548 /* Detail */ = {
			isa = PBXGroup;
			children = (
				831E392324C9CBE00043AA76 /* DetailTableViewController.swift */,
				83B6231824E2713E00363548 /* ReportTableViewController.swift */,
				83B6231A24E2854400363548 /* WriteReportTableViewController.swift */,
				83B6232524E2E22900363548 /* BlockTableViewController.swift */,
			);
			path = Detail;
			sourceTree = "<group>";
		};
		83B6232424E2E1DF00363548 /* Message */ = {
			isa = PBXGroup;
			children = (
				835013FB24D40F79008D1170 /* InboxCollectionViewController.swift */,
				834966C324DC25E200C9B7DD /* InboxTableViewController.swift */,
				835013FD24D41458008D1170 /* MessageTebleViewController.swift */,
			);
			path = Message;
			sourceTree = "<group>";
		};
		F0A321C1752DD509E2A96CD9 /* Pods */ = {
			isa = PBXGroup;
			children = (
				20119206395B34005853DB9C /* Pods-DatingApp.debug.xcconfig */,
				A8E80E13719AC776BE4305A8 /* Pods-DatingApp.release.xcconfig */,
			);
			path = Pods;
			sourceTree = "<group>";
		};
/* End PBXGroup section */

/* Begin PBXNativeTarget section */
		838071C524C608F5008BAA2C /* DatingApp */ = {
			isa = PBXNativeTarget;
			buildConfigurationList = 838071DA24C608FA008BAA2C /* Build configuration list for PBXNativeTarget "DatingApp" */;
			buildPhases = (
				28E854B72C9C509B1B1E6AC6 /* [CP] Check Pods Manifest.lock */,
				838071C224C608F5008BAA2C /* Sources */,
				838071C324C608F5008BAA2C /* Frameworks */,
				838071C424C608F5008BAA2C /* Resources */,
				C01663FFBA4B0DF0AD7361C9 /* [CP] Embed Pods Frameworks */,
				67CABB456DB775D9F16D8802 /* [CP] Copy Pods Resources */,
			);
			buildRules = (
			);
			dependencies = (
			);
			name = DatingApp;
			productName = DatingApp;
			productReference = 838071C624C608F5008BAA2C /* DatingApp.app */;
			productType = "com.apple.product-type.application";
		};
/* End PBXNativeTarget section */

/* Begin PBXProject section */
		838071BE24C608F5008BAA2C /* Project object */ = {
			isa = PBXProject;
			attributes = {
				LastSwiftUpdateCheck = 1160;
				LastUpgradeCheck = 1160;
				ORGANIZATIONNAME = yuji_nakamoto;
				TargetAttributes = {
					838071C524C608F5008BAA2C = {
						CreatedOnToolsVersion = 11.6;
					};
				};
			};
			buildConfigurationList = 838071C124C608F5008BAA2C /* Build configuration list for PBXProject "DatingApp" */;
			compatibilityVersion = "Xcode 9.3";
			developmentRegion = en;
			hasScannedForEncodings = 0;
			knownRegions = (
				en,
				Base,
			);
			mainGroup = 838071BD24C608F5008BAA2C;
			productRefGroup = 838071C724C608F5008BAA2C /* Products */;
			projectDirPath = "";
			projectRoot = "";
			targets = (
				838071C524C608F5008BAA2C /* DatingApp */,
			);
		};
/* End PBXProject section */

/* Begin PBXResourcesBuildPhase section */
		838071C424C608F5008BAA2C /* Resources */ = {
			isa = PBXResourcesBuildPhase;
			buildActionMask = 2147483647;
			files = (
				8348E3DD24CDD378001D59C0 /* type.json in Resources */,
				838071D624C608FA008BAA2C /* LaunchScreen.storyboard in Resources */,
				8348E3E124CDD48E001D59C0 /* like.json in Resources */,
				838071D324C608FA008BAA2C /* Assets.xcassets in Resources */,
				838071DE24C60BA4008BAA2C /* GoogleService-Info.plist in Resources */,
				838071D124C608F5008BAA2C /* Main.storyboard in Resources */,
				834966D224DEE10C00C9B7DD /* Card.xib in Resources */,
			);
			runOnlyForDeploymentPostprocessing = 0;
		};
/* End PBXResourcesBuildPhase section */

/* Begin PBXShellScriptBuildPhase section */
		28E854B72C9C509B1B1E6AC6 /* [CP] Check Pods Manifest.lock */ = {
			isa = PBXShellScriptBuildPhase;
			buildActionMask = 2147483647;
			files = (
			);
			inputFileListPaths = (
			);
			inputPaths = (
				"${PODS_PODFILE_DIR_PATH}/Podfile.lock",
				"${PODS_ROOT}/Manifest.lock",
			);
			name = "[CP] Check Pods Manifest.lock";
			outputFileListPaths = (
			);
			outputPaths = (
				"$(DERIVED_FILE_DIR)/Pods-DatingApp-checkManifestLockResult.txt",
			);
			runOnlyForDeploymentPostprocessing = 0;
			shellPath = /bin/sh;
			shellScript = "diff \"${PODS_PODFILE_DIR_PATH}/Podfile.lock\" \"${PODS_ROOT}/Manifest.lock\" > /dev/null\nif [ $? != 0 ] ; then\n    # print error to STDERR\n    echo \"error: The sandbox is not in sync with the Podfile.lock. Run 'pod install' or update your CocoaPods installation.\" >&2\n    exit 1\nfi\n# This output is used by Xcode 'outputs' to avoid re-running this script phase.\necho \"SUCCESS\" > \"${SCRIPT_OUTPUT_FILE_0}\"\n";
			showEnvVarsInLog = 0;
		};
		67CABB456DB775D9F16D8802 /* [CP] Copy Pods Resources */ = {
			isa = PBXShellScriptBuildPhase;
			buildActionMask = 2147483647;
			files = (
			);
			inputFileListPaths = (
				"${PODS_ROOT}/Target Support Files/Pods-DatingApp/Pods-DatingApp-resources-${CONFIGURATION}-input-files.xcfilelist",
			);
			name = "[CP] Copy Pods Resources";
			outputFileListPaths = (
				"${PODS_ROOT}/Target Support Files/Pods-DatingApp/Pods-DatingApp-resources-${CONFIGURATION}-output-files.xcfilelist",
			);
			runOnlyForDeploymentPostprocessing = 0;
			shellPath = /bin/sh;
			shellScript = "\"${PODS_ROOT}/Target Support Files/Pods-DatingApp/Pods-DatingApp-resources.sh\"\n";
			showEnvVarsInLog = 0;
		};
		C01663FFBA4B0DF0AD7361C9 /* [CP] Embed Pods Frameworks */ = {
			isa = PBXShellScriptBuildPhase;
			buildActionMask = 2147483647;
			files = (
			);
			inputFileListPaths = (
				"${PODS_ROOT}/Target Support Files/Pods-DatingApp/Pods-DatingApp-frameworks-${CONFIGURATION}-input-files.xcfilelist",
			);
			name = "[CP] Embed Pods Frameworks";
			outputFileListPaths = (
				"${PODS_ROOT}/Target Support Files/Pods-DatingApp/Pods-DatingApp-frameworks-${CONFIGURATION}-output-files.xcfilelist",
			);
			runOnlyForDeploymentPostprocessing = 0;
			shellPath = /bin/sh;
			shellScript = "\"${PODS_ROOT}/Target Support Files/Pods-DatingApp/Pods-DatingApp-frameworks.sh\"\n";
			showEnvVarsInLog = 0;
		};
/* End PBXShellScriptBuildPhase section */

/* Begin PBXSourcesBuildPhase section */
		838071C224C608F5008BAA2C /* Sources */ = {
			isa = PBXSourcesBuildPhase;
			buildActionMask = 2147483647;
			files = (
				8349F12624E56E8700CC5951 /* WithdrawViewController.swift in Sources */,
				834BD3EC24DAF0140088D4EA /* HobbyTableViewController.swift in Sources */,
				83545E4D24E67F76003BA06D /* ChangeEmailViewController.swift in Sources */,
				831E392424C9CBE00043AA76 /* DetailTableViewController.swift in Sources */,
				8348B5EF24D3EC020000A187 /* SelectColorTableViewController.swift in Sources */,
				8350E4C324D9AE8300487DB9 /* PIckerKeyboard15.swift in Sources */,
				8348E3ED24CE2B3B001D59C0 /* DidTypeTableViewController.swift in Sources */,
				8348E3F724D0E123001D59C0 /* FootstepViewController.swift in Sources */,
				8350E4BF24D9AE7000487DB9 /* PIckerKeyboard13.swift in Sources */,
				838071E024C613FA008BAA2C /* LoginViewController.swift in Sources */,
				834966CA24DD098E00C9B7DD /* SelfIntroTableViewController.swift in Sources */,
				8350E4B524D9AE1E00487DB9 /* PIckerKeyboard8.swift in Sources */,
				834912F424C711CA002990F8 /* EnterProfileImageViewController.swift in Sources */,
				8348E3D724CD658B001D59C0 /* DataArray.swift in Sources */,
				8348B5DB24D1D51C0000A187 /* SelectGenderTableViewController.swift in Sources */,
				834912FE24C75B90002990F8 /* SearchViewController.swift in Sources */,
				834966D424DEE19C00C9B7DD /* Card.swift in Sources */,
				838071CA24C608F5008BAA2C /* AppDelegate.swift in Sources */,
				8350E4B924D9AE3000487DB9 /* PIckerKeyboard10.swift in Sources */,
				8348E3D524CD3FD3001D59C0 /* PickerKeyboard4.swift in Sources */,
				8348E76B24E7CD5D0046C6DE /* TermsTableViewCell.swift in Sources */,
				838071EC24C62F52008BAA2C /* RegisterViewController.swift in Sources */,
				834912FA24C74A2D002990F8 /* EnterResidenceViewController.swift in Sources */,
				834912FC24C75830002990F8 /* StartViewController.swift in Sources */,
				8348E3CD24CD0148001D59C0 /* AuthService.swift in Sources */,
				838071E524C61A6F008BAA2C /* SelectLoginViewController.swift in Sources */,
				834966CE24DE7E8700C9B7DD /* Read.swift in Sources */,
				8350E4BB24D9AE3800487DB9 /* PIckerKeyboard11.swift in Sources */,
				838071E824C627E0008BAA2C /* User.swift in Sources */,
				83B6231F24E2BA7800363548 /* InquryInputTableViewController.swift in Sources */,
				831E392624C9CBFE0043AA76 /* DetailTableViewCell.swift in Sources */,
				8350140024D414C4008D1170 /* MessageTableViewCell.swift in Sources */,
				8348B5E124D2A1560000A187 /* PostTableViewCell.swift in Sources */,
				834C32D624E4535E003330B1 /* NotVerifiedViewController.swift in Sources */,
				8348E3CF24CD3694001D59C0 /* PIckerKeyboard1.swift in Sources */,
				8350140224D49E94008D1170 /* Message.swift in Sources */,
				8348E3E724CE0BC4001D59C0 /* DidLikeTableViewCell.swift in Sources */,
				838071CC24C608F5008BAA2C /* SceneDelegate.swift in Sources */,
				8348FFBB24CAFFEC00C37009 /* EditTableViewController.swift in Sources */,
				8348E3FD24D10F90001D59C0 /* Footstep.swift in Sources */,
				8350E4B324D9AE1500487DB9 /* PIckerKeyboard7.swift in Sources */,
				8350E4B724D9AE2600487DB9 /* PIckerKeyboard9.swift in Sources */,
				835013FC24D40F79008D1170 /* InboxCollectionViewController.swift in Sources */,
				8348E76924E7CCEC0046C6DE /* TermsTableViewController.swift in Sources */,
				83B6231524E238D900363548 /* ModalPostTableViewController.swift in Sources */,
				8350E4C124D9AE7B00487DB9 /* PIckerKeyboard14.swift in Sources */,
				838071EA24C6299D008BAA2C /* Constants.swift in Sources */,
				8350E4AF24D9ADFB00487DB9 /* PIckerKeyboard5.swift in Sources */,
				8348E3FF24D1154D001D59C0 /* SettingTableViewController.swift in Sources */,
				8348E76D24E83BA20046C6DE /* PrivacyPolicyTableViewController.swift in Sources */,
				834966C424DC25E200C9B7DD /* InboxTableViewController.swift in Sources */,
				834966C824DCF4DF00C9B7DD /* NicknameTableViewController.swift in Sources */,
				834966BD24DBC7E900C9B7DD /* MatchCollectionViewCell.swift in Sources */,
				83B6231D24E2B27E00363548 /* InquiryTableViewController.swift in Sources */,
				834912F224C70B7C002990F8 /* EnterGenderViewController.swift in Sources */,
				838071F224C66651008BAA2C /* ResetPasswordViewController.swift in Sources */,
				838071F024C64D16008BAA2C /* VerifiedViewController.swift in Sources */,
				831E392224C88E600043AA76 /* SearchCollectionViewCell.swift in Sources */,
				834966C024DC0B9600C9B7DD /* Match.swift in Sources */,
				8348B5E524D351D80000A187 /* SendPostTableViewController.swift in Sources */,
				8368CD8E24E16ACF009C0391 /* PickerKeyboard16.swift in Sources */,
				834912F824C74254002990F8 /* EnterProfessionViewController.swift in Sources */,
				8350E4BD24D9AE6800487DB9 /* PIckerKeyboard12.swift in Sources */,
				838071F724C6F2F6008BAA2C /* EnterAgeViewController.swift in Sources */,
				8350140424D4E3C3008D1170 /* MyUINavigationViewController.swift in Sources */,
				8354409F24D7DF09001C9398 /* Config.swift in Sources */,
				8368CD9024E16B49009C0391 /* ModalSearchTableViewController.swift in Sources */,
				8348B5E724D35ADC0000A187 /* GenreTableViewController.swift in Sources */,
				838071F524C6E541008BAA2C /* EnterNameViewController.swift in Sources */,
				8348E3D324CD3F4A001D59C0 /* PickerKeyboard3.swift in Sources */,
				8348B5E924D38C0F0000A187 /* MyPageTableViewController.swift in Sources */,
				834966C624DCF4CD00C9B7DD /* CommentTableViewController.swift in Sources */,
				83B6231724E23B4E00363548 /* PickerKeyboard17.swift in Sources */,
				83B6232624E2E22900363548 /* BlockTableViewController.swift in Sources */,
				8348B5E324D2A4A20000A187 /* Post.swift in Sources */,
				834966D024DEE07B00C9B7DD /* CardViewController.swift in Sources */,
				8348E3E924CE0E3A001D59C0 /* Like.swift in Sources */,
				8350E4B124D9AE0C00487DB9 /* PIckerKeyboard6.swift in Sources */,
				8348E3F924D0EC09001D59C0 /* MyTabBarController.swift in Sources */,
				831E392C24CA46260043AA76 /* ProfileTableViewController.swift in Sources */,
				8348B5DD24D2227C0000A187 /* EnterResidenceMeetViewController.swift in Sources */,
				838071EE24C6338E008BAA2C /* Extension.swift in Sources */,
				834C32D224E3AFCE003330B1 /* BlockListTableViewController.swift in Sources */,
				834912F624C7283D002990F8 /* Service.swift in Sources */,
				8348E76F24E83D110046C6DE /* PrivacyPolicyTableViewCell.swift in Sources */,
				835013FE24D41458008D1170 /* MessageTebleViewController.swift in Sources */,
				834966CC24DD172300C9B7DD /* DetailMapTableViewController.swift in Sources */,
				8348E3E524CE0B6E001D59C0 /* DidLikeTableViewController.swift in Sources */,
				8348B5EB24D38D780000A187 /* MyPageTableViewCell.swift in Sources */,
				834BD3EA24DAE1D80088D4EA /* AdsPostTableViewCell.swift in Sources */,
				8348B5DF24D2A0B90000A187 /* PostTableViewController.swift in Sources */,
				8348E3EB24CE283C001D59C0 /* Type.swift in Sources */,
				83B6231B24E2854400363548 /* WriteReportTableViewController.swift in Sources */,
				83545E4F24E67F8D003BA06D /* ChangePasswordViewController.swift in Sources */,
				8348E3D124CD3ED4001D59C0 /* PickerKeyboard2.swift in Sources */,
				834C32D424E3BD10003330B1 /* Block.swift in Sources */,
				83B6231924E2713E00363548 /* ReportTableViewController.swift in Sources */,
				83B6232124E2BA9100363548 /* OpinionInputTableViewController.swift in Sources */,
			);
			runOnlyForDeploymentPostprocessing = 0;
		};
/* End PBXSourcesBuildPhase section */

/* Begin PBXVariantGroup section */
		838071CF24C608F5008BAA2C /* Main.storyboard */ = {
			isa = PBXVariantGroup;
			children = (
				838071D024C608F5008BAA2C /* Base */,
			);
			name = Main.storyboard;
			sourceTree = "<group>";
		};
		838071D424C608FA008BAA2C /* LaunchScreen.storyboard */ = {
			isa = PBXVariantGroup;
			children = (
				838071D524C608FA008BAA2C /* Base */,
			);
			name = LaunchScreen.storyboard;
			sourceTree = "<group>";
		};
/* End PBXVariantGroup section */

/* Begin XCBuildConfiguration section */
		838071D824C608FA008BAA2C /* Debug */ = {
			isa = XCBuildConfiguration;
			buildSettings = {
				ALWAYS_SEARCH_USER_PATHS = NO;
				CLANG_ANALYZER_NONNULL = YES;
				CLANG_ANALYZER_NUMBER_OBJECT_CONVERSION = YES_AGGRESSIVE;
				CLANG_CXX_LANGUAGE_STANDARD = "gnu++14";
				CLANG_CXX_LIBRARY = "libc++";
				CLANG_ENABLE_MODULES = YES;
				CLANG_ENABLE_OBJC_ARC = YES;
				CLANG_ENABLE_OBJC_WEAK = YES;
				CLANG_WARN_BLOCK_CAPTURE_AUTORELEASING = YES;
				CLANG_WARN_BOOL_CONVERSION = YES;
				CLANG_WARN_COMMA = YES;
				CLANG_WARN_CONSTANT_CONVERSION = YES;
				CLANG_WARN_DEPRECATED_OBJC_IMPLEMENTATIONS = YES;
				CLANG_WARN_DIRECT_OBJC_ISA_USAGE = YES_ERROR;
				CLANG_WARN_DOCUMENTATION_COMMENTS = YES;
				CLANG_WARN_EMPTY_BODY = YES;
				CLANG_WARN_ENUM_CONVERSION = YES;
				CLANG_WARN_INFINITE_RECURSION = YES;
				CLANG_WARN_INT_CONVERSION = YES;
				CLANG_WARN_NON_LITERAL_NULL_CONVERSION = YES;
				CLANG_WARN_OBJC_IMPLICIT_RETAIN_SELF = YES;
				CLANG_WARN_OBJC_LITERAL_CONVERSION = YES;
				CLANG_WARN_OBJC_ROOT_CLASS = YES_ERROR;
				CLANG_WARN_RANGE_LOOP_ANALYSIS = YES;
				CLANG_WARN_STRICT_PROTOTYPES = YES;
				CLANG_WARN_SUSPICIOUS_MOVE = YES;
				CLANG_WARN_UNGUARDED_AVAILABILITY = YES_AGGRESSIVE;
				CLANG_WARN_UNREACHABLE_CODE = YES;
				CLANG_WARN__DUPLICATE_METHOD_MATCH = YES;
				COPY_PHASE_STRIP = NO;
				DEBUG_INFORMATION_FORMAT = dwarf;
				ENABLE_STRICT_OBJC_MSGSEND = YES;
				ENABLE_TESTABILITY = YES;
				GCC_C_LANGUAGE_STANDARD = gnu11;
				GCC_DYNAMIC_NO_PIC = NO;
				GCC_NO_COMMON_BLOCKS = YES;
				GCC_OPTIMIZATION_LEVEL = 0;
				GCC_PREPROCESSOR_DEFINITIONS = (
					"DEBUG=1",
					"$(inherited)",
				);
				GCC_WARN_64_TO_32_BIT_CONVERSION = YES;
				GCC_WARN_ABOUT_RETURN_TYPE = YES_ERROR;
				GCC_WARN_UNDECLARED_SELECTOR = YES;
				GCC_WARN_UNINITIALIZED_AUTOS = YES_AGGRESSIVE;
				GCC_WARN_UNUSED_FUNCTION = YES;
				GCC_WARN_UNUSED_VARIABLE = YES;
				IPHONEOS_DEPLOYMENT_TARGET = 13.6;
				MTL_ENABLE_DEBUG_INFO = INCLUDE_SOURCE;
				MTL_FAST_MATH = YES;
				ONLY_ACTIVE_ARCH = YES;
				SDKROOT = iphoneos;
				SWIFT_ACTIVE_COMPILATION_CONDITIONS = DEBUG;
				SWIFT_OPTIMIZATION_LEVEL = "-Onone";
			};
			name = Debug;
		};
		838071D924C608FA008BAA2C /* Release */ = {
			isa = XCBuildConfiguration;
			buildSettings = {
				ALWAYS_SEARCH_USER_PATHS = NO;
				CLANG_ANALYZER_NONNULL = YES;
				CLANG_ANALYZER_NUMBER_OBJECT_CONVERSION = YES_AGGRESSIVE;
				CLANG_CXX_LANGUAGE_STANDARD = "gnu++14";
				CLANG_CXX_LIBRARY = "libc++";
				CLANG_ENABLE_MODULES = YES;
				CLANG_ENABLE_OBJC_ARC = YES;
				CLANG_ENABLE_OBJC_WEAK = YES;
				CLANG_WARN_BLOCK_CAPTURE_AUTORELEASING = YES;
				CLANG_WARN_BOOL_CONVERSION = YES;
				CLANG_WARN_COMMA = YES;
				CLANG_WARN_CONSTANT_CONVERSION = YES;
				CLANG_WARN_DEPRECATED_OBJC_IMPLEMENTATIONS = YES;
				CLANG_WARN_DIRECT_OBJC_ISA_USAGE = YES_ERROR;
				CLANG_WARN_DOCUMENTATION_COMMENTS = YES;
				CLANG_WARN_EMPTY_BODY = YES;
				CLANG_WARN_ENUM_CONVERSION = YES;
				CLANG_WARN_INFINITE_RECURSION = YES;
				CLANG_WARN_INT_CONVERSION = YES;
				CLANG_WARN_NON_LITERAL_NULL_CONVERSION = YES;
				CLANG_WARN_OBJC_IMPLICIT_RETAIN_SELF = YES;
				CLANG_WARN_OBJC_LITERAL_CONVERSION = YES;
				CLANG_WARN_OBJC_ROOT_CLASS = YES_ERROR;
				CLANG_WARN_RANGE_LOOP_ANALYSIS = YES;
				CLANG_WARN_STRICT_PROTOTYPES = YES;
				CLANG_WARN_SUSPICIOUS_MOVE = YES;
				CLANG_WARN_UNGUARDED_AVAILABILITY = YES_AGGRESSIVE;
				CLANG_WARN_UNREACHABLE_CODE = YES;
				CLANG_WARN__DUPLICATE_METHOD_MATCH = YES;
				COPY_PHASE_STRIP = NO;
				DEBUG_INFORMATION_FORMAT = "dwarf-with-dsym";
				ENABLE_NS_ASSERTIONS = NO;
				ENABLE_STRICT_OBJC_MSGSEND = YES;
				GCC_C_LANGUAGE_STANDARD = gnu11;
				GCC_NO_COMMON_BLOCKS = YES;
				GCC_WARN_64_TO_32_BIT_CONVERSION = YES;
				GCC_WARN_ABOUT_RETURN_TYPE = YES_ERROR;
				GCC_WARN_UNDECLARED_SELECTOR = YES;
				GCC_WARN_UNINITIALIZED_AUTOS = YES_AGGRESSIVE;
				GCC_WARN_UNUSED_FUNCTION = YES;
				GCC_WARN_UNUSED_VARIABLE = YES;
				IPHONEOS_DEPLOYMENT_TARGET = 13.6;
				MTL_ENABLE_DEBUG_INFO = NO;
				MTL_FAST_MATH = YES;
				SDKROOT = iphoneos;
				SWIFT_COMPILATION_MODE = wholemodule;
				SWIFT_OPTIMIZATION_LEVEL = "-O";
				VALIDATE_PRODUCT = YES;
			};
			name = Release;
		};
		838071DB24C608FA008BAA2C /* Debug */ = {
			isa = XCBuildConfiguration;
			baseConfigurationReference = 20119206395B34005853DB9C /* Pods-DatingApp.debug.xcconfig */;
			buildSettings = {
				ASSETCATALOG_COMPILER_APPICON_NAME = AppIcon;
				CODE_SIGN_ENTITLEMENTS = DatingApp/DatingApp.entitlements;
				CODE_SIGN_STYLE = Automatic;
				DEVELOPMENT_TEAM = 2FZHPQ299M;
				INFOPLIST_FILE = DatingApp/Info.plist;
				IPHONEOS_DEPLOYMENT_TARGET = 13.5;
				LD_RUNPATH_SEARCH_PATHS = (
					"$(inherited)",
					"@executable_path/Frameworks",
				);
				PRODUCT_BUNDLE_IDENTIFIER = yncompany.DatingApp;
				PRODUCT_NAME = "$(TARGET_NAME)";
				SWIFT_VERSION = 5.0;
				TARGETED_DEVICE_FAMILY = 1;
			};
			name = Debug;
		};
		838071DC24C608FA008BAA2C /* Release */ = {
			isa = XCBuildConfiguration;
			baseConfigurationReference = A8E80E13719AC776BE4305A8 /* Pods-DatingApp.release.xcconfig */;
			buildSettings = {
				ASSETCATALOG_COMPILER_APPICON_NAME = AppIcon;
				CODE_SIGN_ENTITLEMENTS = DatingApp/DatingApp.entitlements;
				CODE_SIGN_STYLE = Automatic;
				DEVELOPMENT_TEAM = 2FZHPQ299M;
				INFOPLIST_FILE = DatingApp/Info.plist;
				IPHONEOS_DEPLOYMENT_TARGET = 13.5;
				LD_RUNPATH_SEARCH_PATHS = (
					"$(inherited)",
					"@executable_path/Frameworks",
				);
				PRODUCT_BUNDLE_IDENTIFIER = yncompany.DatingApp;
				PRODUCT_NAME = "$(TARGET_NAME)";
				SWIFT_VERSION = 5.0;
				TARGETED_DEVICE_FAMILY = 1;
			};
			name = Release;
		};
/* End XCBuildConfiguration section */

/* Begin XCConfigurationList section */
		838071C124C608F5008BAA2C /* Build configuration list for PBXProject "DatingApp" */ = {
			isa = XCConfigurationList;
			buildConfigurations = (
				838071D824C608FA008BAA2C /* Debug */,
				838071D924C608FA008BAA2C /* Release */,
			);
			defaultConfigurationIsVisible = 0;
			defaultConfigurationName = Release;
		};
		838071DA24C608FA008BAA2C /* Build configuration list for PBXNativeTarget "DatingApp" */ = {
			isa = XCConfigurationList;
			buildConfigurations = (
				838071DB24C608FA008BAA2C /* Debug */,
				838071DC24C608FA008BAA2C /* Release */,
			);
			defaultConfigurationIsVisible = 0;
			defaultConfigurationName = Release;
		};
/* End XCConfigurationList section */
	};
	rootObject = 838071BE24C608F5008BAA2C /* Project object */;
}
